
Microsoft Visual Studio Solution File, Format Version 11.00
# Visual Studio 2010
Project("{FAE04EC0-301F-11D3-BF4B-00C04F79EFBC}") = "Newtonsoft.Json.MonoTouch", "Newtonsoft.Json.MonoTouch.csproj", "{DFEFD122-1D9C-401A-AE42-4F81917BD2EB}"
EndProject
Global
	GlobalSection(SolutionConfigurationPlatforms) = preSolution
		Debug|Any CPU = Debug|Any CPU
		Release|Any CPU = Release|Any CPU
	EndGlobalSection
	GlobalSection(ProjectConfigurationPlatforms) = postSolution
		{DFEFD122-1D9C-401A-AE42-4F81917BD2EB}.Debug|Any CPU.ActiveCfg = Debug|Any CPU
		{DFEFD122-1D9C-401A-AE42-4F81917BD2EB}.Debug|Any CPU.Build.0 = Debug|Any CPU
		{DFEFD122-1D9C-401A-AE42-4F81917BD2EB}.Release|Any CPU.ActiveCfg = Release|Any CPU
		{DFEFD122-1D9C-401A-AE42-4F81917BD2EB}.Release|Any CPU.Build.0 = Release|Any CPU
	EndGlobalSection
	GlobalSection(MonoDevelopProperties) = preSolution
		StartupItem = Newtonsoft.Json.MonoTouch.csproj
	EndGlobalSection
	GlobalSection(SolutionProperties) = preSolution
		HideSolutionNode = FALSE
	EndGlobalSection
EndGlobal
